
Microsoft Visual Studio Solution File, Format Version 12.00
# Visual Studio 14
VisualStudioVersion = 14.0.23107.0
MinimumVisualStudioVersion = 10.0.40219.1
Project("{FAE04EC0-301F-11D3-BF4B-00C04F79EFBC}") = "BusPlanner.API", "BusPlanner.API\BusPlanner.API.csproj", "{7457983B-8C17-40E6-AF13-162AC123C99F}"
EndProject
Project("{E24C65DC-7377-472B-9ABA-BC803B73C61A}") = "BusPlanner.Web", "BusPlanner.Web\", "{0DCF4C28-F044-4762-9661-10AB3053070F}"
	ProjectSection(WebsiteProperties) = preProject
		TargetFrameworkMoniker = ".NETFramework,Version%3Dv4.5.2"
		Debug.AspNetCompiler.VirtualPath = "/localhost_65112"
		Debug.AspNetCompiler.PhysicalPath = "BusPlanner.Web\"
		Debug.AspNetCompiler.TargetPath = "PrecompiledWeb\localhost_65112\"
		Debug.AspNetCompiler.Updateable = "true"
		Debug.AspNetCompiler.ForceOverwrite = "true"
		Debug.AspNetCompiler.FixedNames = "false"
		Debug.AspNetCompiler.Debug = "True"
		Release.AspNetCompiler.VirtualPath = "/localhost_65112"
		Release.AspNetCompiler.PhysicalPath = "BusPlanner.Web\"
		Release.AspNetCompiler.TargetPath = "PrecompiledWeb\localhost_65112\"
		Release.AspNetCompiler.Updateable = "true"
		Release.AspNetCompiler.ForceOverwrite = "true"
		Release.AspNetCompiler.FixedNames = "false"
		Release.AspNetCompiler.Debug = "False"
		VWDPort = "65112"
		SlnRelativePath = "BusPlanner.Web\"
		DefaultWebSiteLanguage = "Visual C#"
	EndProjectSection
EndProject
Project("{FAE04EC0-301F-11D3-BF4B-00C04F79EFBC}") = "BusPlanner.DomainModels", "BusPlanner.DomainModels\BusPlanner.DomainModels.csproj", "{22B7044A-0EC3-430C-AB1A-59F4A40E27EC}"
EndProject
Project("{FAE04EC0-301F-11D3-BF4B-00C04F79EFBC}") = "BusPlanner.DataAccess", "BusPlanner.DataAccess\BusPlanner.DataAccess.csproj", "{F8DA2BF1-2F44-460C-888C-6514CDE17491}"
EndProject
Project("{FAE04EC0-301F-11D3-BF4B-00C04F79EFBC}") = "BusPlanner.ServiceLayer", "BusPlanner.ServiceLayer\BusPlanner.ServiceLayer.csproj", "{7C266BC8-2EF9-47DA-B196-0186D168154F}"
EndProject
Project("{FAE04EC0-301F-11D3-BF4B-00C04F79EFBC}") = "BusPlanner.IntegrationTests", "BusPlanner.IntegrationTests\BusPlanner.IntegrationTests.csproj", "{6345A905-212A-450B-AF63-CB1CC4ED1809}"
EndProject
Project("{FAE04EC0-301F-11D3-BF4B-00C04F79EFBC}") = "BusPlanner.ViewModels", "BusPlanner.ViewModels\BusPlanner.ViewModels.csproj", "{6735758D-1E1C-437C-83DA-3B5C82694D89}"
EndProject
Global
	GlobalSection(SolutionConfigurationPlatforms) = preSolution
		Debug|Any CPU = Debug|Any CPU
		Release|Any CPU = Release|Any CPU
	EndGlobalSection
	GlobalSection(ProjectConfigurationPlatforms) = postSolution
		{7457983B-8C17-40E6-AF13-162AC123C99F}.Debug|Any CPU.ActiveCfg = Debug|Any CPU
		{7457983B-8C17-40E6-AF13-162AC123C99F}.Debug|Any CPU.Build.0 = Debug|Any CPU
		{7457983B-8C17-40E6-AF13-162AC123C99F}.Release|Any CPU.ActiveCfg = Release|Any CPU
		{7457983B-8C17-40E6-AF13-162AC123C99F}.Release|Any CPU.Build.0 = Release|Any CPU
		{0DCF4C28-F044-4762-9661-10AB3053070F}.Debug|Any CPU.ActiveCfg = Debug|Any CPU
		{0DCF4C28-F044-4762-9661-10AB3053070F}.Debug|Any CPU.Build.0 = Debug|Any CPU
		{0DCF4C28-F044-4762-9661-10AB3053070F}.Release|Any CPU.ActiveCfg = Debug|Any CPU
		{0DCF4C28-F044-4762-9661-10AB3053070F}.Release|Any CPU.Build.0 = Debug|Any CPU
		{22B7044A-0EC3-430C-AB1A-59F4A40E27EC}.Debug|Any CPU.ActiveCfg = Debug|Any CPU
		{22B7044A-0EC3-430C-AB1A-59F4A40E27EC}.Debug|Any CPU.Build.0 = Debug|Any CPU
		{22B7044A-0EC3-430C-AB1A-59F4A40E27EC}.Release|Any CPU.ActiveCfg = Release|Any CPU
		{22B7044A-0EC3-430C-AB1A-59F4A40E27EC}.Release|Any CPU.Build.0 = Release|Any CPU
		{F8DA2BF1-2F44-460C-888C-6514CDE17491}.Debug|Any CPU.ActiveCfg = Debug|Any CPU
		{F8DA2BF1-2F44-460C-888C-6514CDE17491}.Debug|Any CPU.Build.0 = Debug|Any CPU
		{F8DA2BF1-2F44-460C-888C-6514CDE17491}.Release|Any CPU.ActiveCfg = Release|Any CPU
		{F8DA2BF1-2F44-460C-888C-6514CDE17491}.Release|Any CPU.Build.0 = Release|Any CPU
		{7C266BC8-2EF9-47DA-B196-0186D168154F}.Debug|Any CPU.ActiveCfg = Debug|Any CPU
		{7C266BC8-2EF9-47DA-B196-0186D168154F}.Debug|Any CPU.Build.0 = Debug|Any CPU
		{7C266BC8-2EF9-47DA-B196-0186D168154F}.Release|Any CPU.ActiveCfg = Release|Any CPU
		{7C266BC8-2EF9-47DA-B196-0186D168154F}.Release|Any CPU.Build.0 = Release|Any CPU
		{6345A905-212A-450B-AF63-CB1CC4ED1809}.Debug|Any CPU.ActiveCfg = Debug|Any CPU
		{6345A905-212A-450B-AF63-CB1CC4ED1809}.Debug|Any CPU.Build.0 = Debug|Any CPU
		{6345A905-212A-450B-AF63-CB1CC4ED1809}.Release|Any CPU.ActiveCfg = Release|Any CPU
		{6345A905-212A-450B-AF63-CB1CC4ED1809}.Release|Any CPU.Build.0 = Release|Any CPU
		{6735758D-1E1C-437C-83DA-3B5C82694D89}.Debug|Any CPU.ActiveCfg = Debug|Any CPU
		{6735758D-1E1C-437C-83DA-3B5C82694D89}.Debug|Any CPU.Build.0 = Debug|Any CPU
		{6735758D-1E1C-437C-83DA-3B5C82694D89}.Release|Any CPU.ActiveCfg = Release|Any CPU
		{6735758D-1E1C-437C-83DA-3B5C82694D89}.Release|Any CPU.Build.0 = Release|Any CPU
	EndGlobalSection
	GlobalSection(SolutionProperties) = preSolution
		HideSolutionNode = FALSE
	EndGlobalSection
EndGlobal
